
Microsoft Visual Studio Solution File, Format Version 12.00
# Visual Studio Version 16
VisualStudioVersion = 16.0.31624.102
MinimumVisualStudioVersion = 10.0.40219.1
Project("{FAE04EC0-301F-11D3-BF4B-00C04F79EFBC}") = "SchoolC1", "SchoolC1\SchoolC1.csproj", "{003991F4-5D98-4D40-9F3D-27934A053F25}"
EndProject
Global
	GlobalSection(SolutionConfigurationPlatforms) = preSolution
		Debug|Any CPU = Debug|Any CPU
		Release|Any CPU = Release|Any CPU
	EndGlobalSection
	GlobalSection(ProjectConfigurationPlatforms) = postSolution
		{003991F4-5D98-4D40-9F3D-27934A053F25}.Debug|Any CPU.ActiveCfg = Debug|Any CPU
		{003991F4-5D98-4D40-9F3D-27934A053F25}.Debug|Any CPU.Build.0 = Debug|Any CPU
		{003991F4-5D98-4D40-9F3D-27934A053F25}.Release|Any CPU.ActiveCfg = Release|Any CPU
		{003991F4-5D98-4D40-9F3D-27934A053F25}.Release|Any CPU.Build.0 = Release|Any CPU
	EndGlobalSection
	GlobalSection(SolutionProperties) = preSolution
		HideSolutionNode = FALSE
	EndGlobalSection
	GlobalSection(ExtensibilityGlobals) = postSolution
		SolutionGuid = {56C4D3CE-CAAF-4492-A7FC-E9C2E0F7E766}
	EndGlobalSection
EndGlobal
